Microsoft Visual Studio Solution File, Format Version 12.00
# Visual Studio 2013
VisualStudioVersion = 12.0.30723.0
MinimumVisualStudioVersion = 10.0.40219.1
Project("{8BC9CEB8-8B4A-11D0-8D11-00A0C91BC942}") = "Framework", "Framework\Framework.vcxproj", "{911FD6EC-9532-4FCB-B8F1-E2E93504536F}"
	ProjectSection(ProjectDependencies) = postProject
		{40672EC4-3D49-4973-82F8-4DEE16695DAD} = {40672EC4-3D49-4973-82F8-4DEE16695DAD}
		{E4DB17F7-788A-468C-8A5B-F2D4A765B509} = {E4DB17F7-788A-468C-8A5B-F2D4A765B509}
	EndProjectSection
EndProject
Project("{8BC9CEB8-8B4A-11D0-8D11-00A0C91BC942}") = "FrameworkSpecification", "FrameworkSpecification\FrameworkSpecification.vcxproj", "{03AAFFF7-8CD7-47DE-AB2F-0BD81E4CA35F}"
	ProjectSection(ProjectDependencies) = postProject
		{40672EC4-3D49-4973-82F8-4DEE16695DAD} = {40672EC4-3D49-4973-82F8-4DEE16695DAD}
		{911FD6EC-9532-4FCB-B8F1-E2E93504536F} = {911FD6EC-9532-4FCB-B8F1-E2E93504536F}
		{E4DB17F7-788A-468C-8A5B-F2D4A765B509} = {E4DB17F7-788A-468C-8A5B-F2D4A765B509}
	EndProjectSection
EndProject
Project("{8BC9CEB8-8B4A-11D0-8D11-00A0C91BC942}") = "TestApp", "TestApp\TestApp.vcxproj", "{93CF47C3-24B7-44C4-97F3-22F8417B84B5}"
	ProjectSection(ProjectDependencies) = postProject
		{40672EC4-3D49-4973-82F8-4DEE16695DAD} = {40672EC4-3D49-4973-82F8-4DEE16695DAD}
		{911FD6EC-9532-4FCB-B8F1-E2E93504536F} = {911FD6EC-9532-4FCB-B8F1-E2E93504536F}
		{E4DB17F7-788A-468C-8A5B-F2D4A765B509} = {E4DB17F7-788A-468C-8A5B-F2D4A765B509}
	EndProjectSection
EndProject
Project("{8BC9CEB8-8B4A-11D0-8D11-00A0C91BC942}") = "CommonMessages", "CommonMessages\CommonMessages.vcxproj", "{E4DB17F7-788A-468C-8A5B-F2D4A765B509}"
EndProject
Project("{8BC9CEB8-8B4A-11D0-8D11-00A0C91BC942}") = "EventLog", "EventLog\EventLog.vcxproj", "{40672EC4-3D49-4973-82F8-4DEE16695DAD}"
EndProject
Global
	GlobalSection(SolutionConfigurationPlatforms) = preSolution
		Debug|Any CPU = Debug|Any CPU
		Debug|Mixed Platforms = Debug|Mixed Platforms
		Debug|Win32 = Debug|Win32
		Release|Any CPU = Release|Any CPU
		Release|Mixed Platforms = Release|Mixed Platforms
		Release|Win32 = Release|Win32
		UnitTest|Any CPU = UnitTest|Any CPU
		UnitTest|Mixed Platforms = UnitTest|Mixed Platforms
		UnitTest|Win32 = UnitTest|Win32
	EndGlobalSection
	GlobalSection(ProjectConfigurationPlatforms) = postSolution
		{911FD6EC-9532-4FCB-B8F1-E2E93504536F}.Debug|Any CPU.ActiveCfg = Debug|Win32
		{911FD6EC-9532-4FCB-B8F1-E2E93504536F}.Debug|Mixed Platforms.ActiveCfg = Debug|Win32
		{911FD6EC-9532-4FCB-B8F1-E2E93504536F}.Debug|Mixed Platforms.Build.0 = Debug|Win32
		{911FD6EC-9532-4FCB-B8F1-E2E93504536F}.Debug|Win32.ActiveCfg = Debug|Win32
		{911FD6EC-9532-4FCB-B8F1-E2E93504536F}.Debug|Win32.Build.0 = Debug|Win32
		{911FD6EC-9532-4FCB-B8F1-E2E93504536F}.Release|Any CPU.ActiveCfg = Release|Win32
		{911FD6EC-9532-4FCB-B8F1-E2E93504536F}.Release|Mixed Platforms.ActiveCfg = Release|Win32
		{911FD6EC-9532-4FCB-B8F1-E2E93504536F}.Release|Mixed Platforms.Build.0 = Release|Win32
		{911FD6EC-9532-4FCB-B8F1-E2E93504536F}.Release|Win32.ActiveCfg = Release|Win32
		{911FD6EC-9532-4FCB-B8F1-E2E93504536F}.Release|Win32.Build.0 = Release|Win32
		{911FD6EC-9532-4FCB-B8F1-E2E93504536F}.UnitTest|Any CPU.ActiveCfg = UnitTest|Win32
		{911FD6EC-9532-4FCB-B8F1-E2E93504536F}.UnitTest|Mixed Platforms.ActiveCfg = UnitTest|Win32
		{911FD6EC-9532-4FCB-B8F1-E2E93504536F}.UnitTest|Mixed Platforms.Build.0 = UnitTest|Win32
		{911FD6EC-9532-4FCB-B8F1-E2E93504536F}.UnitTest|Win32.ActiveCfg = UnitTest|Win32
		{911FD6EC-9532-4FCB-B8F1-E2E93504536F}.UnitTest|Win32.Build.0 = UnitTest|Win32
		{03AAFFF7-8CD7-47DE-AB2F-0BD81E4CA35F}.Debug|Any CPU.ActiveCfg = Debug|Win32
		{03AAFFF7-8CD7-47DE-AB2F-0BD81E4CA35F}.Debug|Mixed Platforms.ActiveCfg = Debug|Win32
		{03AAFFF7-8CD7-47DE-AB2F-0BD81E4CA35F}.Debug|Mixed Platforms.Build.0 = Debug|Win32
		{03AAFFF7-8CD7-47DE-AB2F-0BD81E4CA35F}.Debug|Win32.ActiveCfg = Debug|Win32
		{03AAFFF7-8CD7-47DE-AB2F-0BD81E4CA35F}.Debug|Win32.Build.0 = Debug|Win32
		{03AAFFF7-8CD7-47DE-AB2F-0BD81E4CA35F}.Release|Any CPU.ActiveCfg = Release|Win32
		{03AAFFF7-8CD7-47DE-AB2F-0BD81E4CA35F}.Release|Mixed Platforms.ActiveCfg = Release|Win32
		{03AAFFF7-8CD7-47DE-AB2F-0BD81E4CA35F}.Release|Win32.ActiveCfg = UnitTest|Win32
		{03AAFFF7-8CD7-47DE-AB2F-0BD81E4CA35F}.UnitTest|Any CPU.ActiveCfg = UnitTest|Win32
		{03AAFFF7-8CD7-47DE-AB2F-0BD81E4CA35F}.UnitTest|Mixed Platforms.ActiveCfg = UnitTest|Win32
		{03AAFFF7-8CD7-47DE-AB2F-0BD81E4CA35F}.UnitTest|Mixed Platforms.Build.0 = UnitTest|Win32
		{03AAFFF7-8CD7-47DE-AB2F-0BD81E4CA35F}.UnitTest|Win32.ActiveCfg = UnitTest|Win32
		{03AAFFF7-8CD7-47DE-AB2F-0BD81E4CA35F}.UnitTest|Win32.Build.0 = UnitTest|Win32
		{93CF47C3-24B7-44C4-97F3-22F8417B84B5}.Debug|Any CPU.ActiveCfg = Debug|Win32
		{93CF47C3-24B7-44C4-97F3-22F8417B84B5}.Debug|Mixed Platforms.ActiveCfg = Debug|Win32
		{93CF47C3-24B7-44C4-97F3-22F8417B84B5}.Debug|Mixed Platforms.Build.0 = Debug|Win32
		{93CF47C3-24B7-44C4-97F3-22F8417B84B5}.Debug|Win32.ActiveCfg = Debug|Win32
		{93CF47C3-24B7-44C4-97F3-22F8417B84B5}.Debug|Win32.Build.0 = Debug|Win32
		{93CF47C3-24B7-44C4-97F3-22F8417B84B5}.Release|Any CPU.ActiveCfg = Release|Win32
		{93CF47C3-24B7-44C4-97F3-22F8417B84B5}.Release|Mixed Platforms.ActiveCfg = Release|Win32
		{93CF47C3-24B7-44C4-97F3-22F8417B84B5}.Release|Mixed Platforms.Build.0 = Release|Win32
		{93CF47C3-24B7-44C4-97F3-22F8417B84B5}.Release|Win32.ActiveCfg = Release|Win32
		{93CF47C3-24B7-44C4-97F3-22F8417B84B5}.Release|Win32.Build.0 = Release|Win32
		{93CF47C3-24B7-44C4-97F3-22F8417B84B5}.UnitTest|Any CPU.ActiveCfg = UnitTest|Win32
		{93CF47C3-24B7-44C4-97F3-22F8417B84B5}.UnitTest|Mixed Platforms.ActiveCfg = UnitTest|Win32
		{93CF47C3-24B7-44C4-97F3-22F8417B84B5}.UnitTest|Mixed Platforms.Build.0 = UnitTest|Win32
		{93CF47C3-24B7-44C4-97F3-22F8417B84B5}.UnitTest|Win32.ActiveCfg = Debug|Win32
		{E4DB17F7-788A-468C-8A5B-F2D4A765B509}.Debug|Any CPU.ActiveCfg = Debug|Win32
		{E4DB17F7-788A-468C-8A5B-F2D4A765B509}.Debug|Mixed Platforms.ActiveCfg = Debug|Win32
		{E4DB17F7-788A-468C-8A5B-F2D4A765B509}.Debug|Mixed Platforms.Build.0 = Debug|Win32
		{E4DB17F7-788A-468C-8A5B-F2D4A765B509}.Debug|Win32.ActiveCfg = Debug|Win32
		{E4DB17F7-788A-468C-8A5B-F2D4A765B509}.Debug|Win32.Build.0 = Debug|Win32
		{E4DB17F7-788A-468C-8A5B-F2D4A765B509}.Release|Any CPU.ActiveCfg = Release|Win32
		{E4DB17F7-788A-468C-8A5B-F2D4A765B509}.Release|Mixed Platforms.ActiveCfg = Release|Win32
		{E4DB17F7-788A-468C-8A5B-F2D4A765B509}.Release|Mixed Platforms.Build.0 = Release|Win32
		{E4DB17F7-788A-468C-8A5B-F2D4A765B509}.Release|Win32.ActiveCfg = Release|Win32
		{E4DB17F7-788A-468C-8A5B-F2D4A765B509}.Release|Win32.Build.0 = Release|Win32
		{E4DB17F7-788A-468C-8A5B-F2D4A765B509}.UnitTest|Any CPU.ActiveCfg = UnitTest|Win32
		{E4DB17F7-788A-468C-8A5B-F2D4A765B509}.UnitTest|Mixed Platforms.ActiveCfg = UnitTest|Win32
		{E4DB17F7-788A-468C-8A5B-F2D4A765B509}.UnitTest|Mixed Platforms.Build.0 = UnitTest|Win32
		{E4DB17F7-788A-468C-8A5B-F2D4A765B509}.UnitTest|Win32.ActiveCfg = UnitTest|Win32
		{E4DB17F7-788A-468C-8A5B-F2D4A765B509}.UnitTest|Win32.Build.0 = UnitTest|Win32
		{40672EC4-3D49-4973-82F8-4DEE16695DAD}.Debug|Any CPU.ActiveCfg = Debug|Win32
		{40672EC4-3D49-4973-82F8-4DEE16695DAD}.Debug|Mixed Platforms.ActiveCfg = Debug|Win32
		{40672EC4-3D49-4973-82F8-4DEE16695DAD}.Debug|Mixed Platforms.Build.0 = Debug|Win32
		{40672EC4-3D49-4973-82F8-4DEE16695DAD}.Debug|Win32.ActiveCfg = Debug|Win32
		{40672EC4-3D49-4973-82F8-4DEE16695DAD}.Debug|Win32.Build.0 = Debug|Win32
		{40672EC4-3D49-4973-82F8-4DEE16695DAD}.Release|Any CPU.ActiveCfg = Release|Win32
		{40672EC4-3D49-4973-82F8-4DEE16695DAD}.Release|Mixed Platforms.ActiveCfg = Release|Win32
		{40672EC4-3D49-4973-82F8-4DEE16695DAD}.Release|Mixed Platforms.Build.0 = Release|Win32
		{40672EC4-3D49-4973-82F8-4DEE16695DAD}.Release|Win32.ActiveCfg = Release|Win32
		{40672EC4-3D49-4973-82F8-4DEE16695DAD}.Release|Win32.Build.0 = Release|Win32
		{40672EC4-3D49-4973-82F8-4DEE16695DAD}.UnitTest|Any CPU.ActiveCfg = Release|Win32
		{40672EC4-3D49-4973-82F8-4DEE16695DAD}.UnitTest|Mixed Platforms.ActiveCfg = UnitTest|Win32
		{40672EC4-3D49-4973-82F8-4DEE16695DAD}.UnitTest|Mixed Platforms.Build.0 = UnitTest|Win32
		{40672EC4-3D49-4973-82F8-4DEE16695DAD}.UnitTest|Win32.ActiveCfg = Release|Win32
		{40672EC4-3D49-4973-82F8-4DEE16695DAD}.UnitTest|Win32.Build.0 = Release|Win32
	EndGlobalSection
	GlobalSection(SolutionProperties) = preSolution
		HideSolutionNode = FALSE
	EndGlobalSection
EndGlobal
