<?xml version="1.0" encoding="utf-8"?>
<Project ToolsVersion="4.0" xmlns="http://schemas.microsoft.com/developer/msbuild/2003">
  <ItemGroup>
    <Filter Include="Source Files">
      <UniqueIdentifier>{4FC737F1-C7A5-4376-A066-2A32D752A2FF}</UniqueIdentifier>
      <Extensions>cpp;c;cc;cxx;def;odl;idl;hpj;bat;asm;asmx</Extensions>
    </Filter>
    <Filter Include="Header Files">
      <UniqueIdentifier>{93995380-89BD-4b04-88EB-625FBE52EBFB}</UniqueIdentifier>
      <Extensions>h;hpp;hxx;hm;inl;inc;xsd</Extensions>
    </Filter>
    <Filter Include="Interfaces">
      <UniqueIdentifier>{fd729829-a939-42db-926d-341010c96012}</UniqueIdentifier>
    </Filter>
  </ItemGroup>
  <ItemGroup>
    <ClInclude Include="TimedEventQueue.h">
      <Filter>Header Files</Filter>
    </ClInclude>
    <ClInclude Include="TimedEvent.h">
      <Filter>Header Files</Filter>
    </ClInclude>
    <ClInclude Include="IBroker.h">
      <Filter>Interfaces</Filter>
    </ClInclude>
    <ClInclude Include="IConnectionParameters.h">
      <Filter>Interfaces</Filter>
    </ClInclude>
    <ClInclude Include="IConnector.h">
      <Filter>Interfaces</Filter>
    </ClInclude>
    <ClInclude Include="IDomainManager.h">
      <Filter>Interfaces</Filter>
    </ClInclude>
    <ClInclude Include="IHandler.h">
      <Filter>Interfaces</Filter>
    </ClInclude>
    <ClInclude Include="IMessage.h">
      <Filter>Interfaces</Filter>
    </ClInclude>
    <ClInclude Include="ITimedEvent.h">
      <Filter>Interfaces</Filter>
    </ClInclude>
    <ClInclude Include="Broker.h">
      <Filter>Header Files</Filter>
    </ClInclude>
    <ClInclude Include="DomainManager.h">
      <Filter>Header Files</Filter>
    </ClInclude>
    <ClInclude Include="QueueConnector.h">
      <Filter>Header Files</Filter>
    </ClInclude>
    <ClInclude Include="TcpConnector.h">
      <Filter>Header Files</Filter>
    </ClInclude>
    <ClInclude Include="ISerialiser.h">
      <Filter>Interfaces</Filter>
    </ClInclude>
    <ClInclude Include="IProtocolBinder.h">
      <Filter>Interfaces</Filter>
    </ClInclude>
    <ClInclude Include="TcpConnectionParameters.h">
      <Filter>Header Files</Filter>
    </ClInclude>
    <ClInclude Include="ProtobufWrapper.h">
      <Filter>Header Files</Filter>
    </ClInclude>
    <ClInclude Include="DomainManagementHandlers.h">
      <Filter>Header Files</Filter>
    </ClInclude>
    <ClInclude Include="ISocketProtocolBinder.h">
      <Filter>Interfaces</Filter>
    </ClInclude>
    <ClInclude Include="InternalMessage.h">
      <Filter>Header Files</Filter>
    </ClInclude>
    <ClInclude Include="ITimeout.h">
      <Filter>Interfaces</Filter>
    </ClInclude>
    <ClInclude Include="IMessageLoop.h">
      <Filter>Interfaces</Filter>
    </ClInclude>
    <ClInclude Include="MessageLoop.h">
      <Filter>Header Files</Filter>
    </ClInclude>
    <ClInclude Include="IMessageLoopRunner.h">
      <Filter>Interfaces</Filter>
    </ClInclude>
    <ClInclude Include="MessageLoopRunner.h">
      <Filter>Header Files</Filter>
    </ClInclude>
    <ClInclude Include="MessageHandlerRegister.h">
      <Filter>Header Files</Filter>
    </ClInclude>
    <ClInclude Include="ProtoMessage.h">
      <Filter>Header Files</Filter>
    </ClInclude>
  </ItemGroup>
  <ItemGroup>
    <ClCompile Include="TimedEventQueue.cpp">
      <Filter>Source Files</Filter>
    </ClCompile>
    <ClCompile Include="TimedEvent.cpp">
      <Filter>Source Files</Filter>
    </ClCompile>
    <ClCompile Include="Broker.cpp">
      <Filter>Source Files</Filter>
    </ClCompile>
    <ClCompile Include="DomainManager.cpp">
      <Filter>Source Files</Filter>
    </ClCompile>
    <ClCompile Include="QueueConnector.cpp">
      <Filter>Source Files</Filter>
    </ClCompile>
    <ClCompile Include="TcpConnector.cpp">
      <Filter>Source Files</Filter>
    </ClCompile>
    <ClCompile Include="ProtobufWrapper.cpp">
      <Filter>Source Files</Filter>
    </ClCompile>
    <ClCompile Include="DomainManagementHandlers.cpp">
      <Filter>Source Files</Filter>
    </ClCompile>
    <ClCompile Include="Timeout.cpp">
      <Filter>Source Files</Filter>
    </ClCompile>
    <ClCompile Include="MessageLoop.cpp">
      <Filter>Source Files</Filter>
    </ClCompile>
    <ClCompile Include="MessageLoopRunner.cpp">
      <Filter>Source Files</Filter>
    </ClCompile>
    <ClCompile Include="MessageHandlerRegister.cpp">
      <Filter>Source Files</Filter>
    </ClCompile>
    <ClCompile Include="ProtoMessage.cpp">
      <Filter>Source Files</Filter>
    </ClCompile>
  </ItemGroup>
</Project>