<?xml version="1.0" encoding="utf-8"?>
<Project ToolsVersion="4.0" xmlns="http://schemas.microsoft.com/developer/msbuild/2003">
  <ItemGroup>
    <Filter Include="Source Files">
      <UniqueIdentifier>{4FC737F1-C7A5-4376-A066-2A32D752A2FF}</UniqueIdentifier>
      <Extensions>cpp;c;cxx;def;odl;idl;hpj;bat;asm;asmx</Extensions>
    </Filter>
    <Filter Include="Header Files">
      <UniqueIdentifier>{93995380-89BD-4b04-88EB-625FBE52EBFB}</UniqueIdentifier>
      <Extensions>h;hpp;hxx;hm;inl;inc;xsd</Extensions>
    </Filter>
    <Filter Include="Proto Files">
      <UniqueIdentifier>{b9fe8dd5-cca6-4a7d-8690-349128b4637a}</UniqueIdentifier>
      <Extensions>proto;cc</Extensions>
    </Filter>
  </ItemGroup>
  <ItemGroup>
    <ClCompile Include="TimedEventQueueSpecification.cpp">
      <Filter>Source Files</Filter>
    </ClCompile>
    <ClCompile Include="TcpConnectorSpecification.cpp">
      <Filter>Source Files</Filter>
    </ClCompile>
    <ClCompile Include="ProtobufWrapperSpecification.cpp">
      <Filter>Source Files</Filter>
    </ClCompile>
    <ClCompile Include="MessageDefinitions\TestMessage.pb.cc">
      <Filter>Proto Files</Filter>
    </ClCompile>
    <ClCompile Include="DomainManagerSpecification.cpp">
      <Filter>Source Files</Filter>
    </ClCompile>
    <ClCompile Include="BrokerSpecification.cpp">
      <Filter>Source Files</Filter>
    </ClCompile>
    <ClCompile Include="IDELoggerSpecification.cpp">
      <Filter>Source Files</Filter>
    </ClCompile>
  </ItemGroup>
  <ItemGroup>
    <ClInclude Include="MessageDefinitions\TestMessage.pb.h">
      <Filter>Header Files</Filter>
    </ClInclude>
    <ClInclude Include="Fakes\FakeConnector.h">
      <Filter>Header Files</Filter>
    </ClInclude>
    <ClInclude Include="Fakes\FakeHandler.h">
      <Filter>Header Files</Filter>
    </ClInclude>
    <ClInclude Include="Fakes\FakeMessageLoopRunner.h">
      <Filter>Header Files</Filter>
    </ClInclude>
    <ClInclude Include="Fakes\FakeTimedEvent.h">
      <Filter>Header Files</Filter>
    </ClInclude>
    <ClInclude Include="UnitTestDefinitions.h">
      <Filter>Header Files</Filter>
    </ClInclude>
    <ClInclude Include="Fakes\FakeBroker.h">
      <Filter>Header Files</Filter>
    </ClInclude>
  </ItemGroup>
  <ItemGroup>
    <None Include="MessageDefinitions\TestMessage.proto">
      <Filter>Proto Files</Filter>
    </None>
  </ItemGroup>
</Project>